{
	"name": "@adobe/helix-shared-ims",
	"version": "1.2.0",
	"lockfileVersion": 2,
	"requires": true,
	"packages": {
		"": {
			"name": "@adobe/helix-shared-ims",
			"version": "1.2.0",
			"license": "Apache-2.0",
			"dependencies": {
				"@adobe/helix-fetch": "2.4.2",
				"@adobe/helix-universal": "1.7.0",
				"cookie": "0.4.1"
			},
			"devDependencies": {
				"nock": "13.1.3"
			}
		},
		"node_modules/@adobe/helix-epsagon": {
			"version": "1.6.9",
			"resolved": "https://registry.npmjs.org/@adobe/helix-epsagon/-/helix-epsagon-1.6.9.tgz",
			"integrity": "sha512-6WWyGzLjDQLG4k7ihMNAbUGBG+a+eJKLLqdcw6NGcc1y5pxyNWCBjVXr91JOu3KSKfAVrKmG7YL1MdDsEeATQA==",
			"dependencies": {
				"epsagon": "1.114.1"
			}
		},
		"node_modules/@adobe/helix-fetch": {
			"version": "2.4.2",
			"license": "Apache-2.0",
			"dependencies": {
				"debug": "4.3.2",
				"form-data": "4.0.0",
				"get-stream": "6.0.1",
				"http-cache-semantics": "4.1.0",
				"lru-cache": "6.0.0",
				"object-sizeof": "1.6.1"
			},
			"engines": {
				"node": ">=12.0"
			}
		},
		"node_modules/@adobe/helix-universal": {
			"version": "1.7.0",
			"resolved": "https://registry.npmjs.org/@adobe/helix-universal/-/helix-universal-1.7.0.tgz",
			"integrity": "sha512-HIcYyc160z4VTyez8m7zXrl90EUzx7r/KqB4jSIy7clM1IbmKQeBsVuCxBOhngD3A3KZAljFfqOIb8goGbLhGw==",
			"dependencies": {
				"@adobe/helix-epsagon": "1.6.9",
				"@adobe/helix-fetch": "2.4.2"
			}
		},
		"node_modules/asynckit": {
			"version": "0.4.0",
			"license": "MIT"
		},
		"node_modules/axios-minified": {
			"version": "1.0.7",
			"license": "MIT",
			"dependencies": {
				"follow-redirects": "^1.10.0"
			}
		},
		"node_modules/base64-js": {
			"version": "1.5.1",
			"funding": [
				{
					"type": "github",
					"url": "https://github.com/sponsors/feross"
				},
				{
					"type": "patreon",
					"url": "https://www.patreon.com/feross"
				},
				{
					"type": "consulting",
					"url": "https://feross.org/support"
				}
			],
			"license": "MIT"
		},
		"node_modules/buffer": {
			"version": "5.7.1",
			"funding": [
				{
					"type": "github",
					"url": "https://github.com/sponsors/feross"
				},
				{
					"type": "patreon",
					"url": "https://www.patreon.com/feross"
				},
				{
					"type": "consulting",
					"url": "https://feross.org/support"
				}
			],
			"license": "MIT",
			"dependencies": {
				"base64-js": "^1.3.1",
				"ieee754": "^1.1.13"
			}
		},
		"node_modules/charenc": {
			"version": "0.0.2",
			"license": "BSD-3-Clause",
			"engines": {
				"node": "*"
			}
		},
		"node_modules/combined-stream": {
			"version": "1.0.8",
			"license": "MIT",
			"dependencies": {
				"delayed-stream": "~1.0.0"
			},
			"engines": {
				"node": ">= 0.8"
			}
		},
		"node_modules/cookie": {
			"version": "0.4.1",
			"resolved": "https://registry.npmjs.org/cookie/-/cookie-0.4.1.tgz",
			"integrity": "sha512-ZwrFkGJxUR3EIoXtO+yVE69Eb7KlixbaeAWfBQB9vVsNn/o+Yw69gBWSSDK825hQNdN+wF8zELf3dFNl/kxkUA==",
			"engines": {
				"node": ">= 0.6"
			}
		},
		"node_modules/crypt": {
			"version": "0.0.2",
			"license": "BSD-3-Clause",
			"engines": {
				"node": "*"
			}
		},
		"node_modules/debug": {
			"version": "4.3.2",
			"license": "MIT",
			"dependencies": {
				"ms": "2.1.2"
			},
			"engines": {
				"node": ">=6.0"
			},
			"peerDependenciesMeta": {
				"supports-color": {
					"optional": true
				}
			}
		},
		"node_modules/delayed-stream": {
			"version": "1.0.0",
			"license": "MIT",
			"engines": {
				"node": ">=0.4.0"
			}
		},
		"node_modules/epsagon": {
			"version": "1.114.1",
			"resolved": "https://registry.npmjs.org/epsagon/-/epsagon-1.114.1.tgz",
			"integrity": "sha512-ol1FRGJHiRLQjNnloRBmKzRj9GX61XrmetZj+FWXsvi2UneF4zjbzpQ43oY4lQvVu1PQfmM71auSl0Y+VoTQHA==",
			"dependencies": {
				"axios-minified": "^1.0.7",
				"google-protobuf-minified": "^1.0.8",
				"json-stringify-safe": "^5.0.1",
				"json.sortify": "^2.2.2",
				"md5": "^2.2.1",
				"require-in-the-middle": "^5.0.3",
				"shimmer": "^1.2.1",
				"uuid-parse": "^1.1.0",
				"uuid4": "^1.0.0"
			}
		},
		"node_modules/follow-redirects": {
			"version": "1.14.4",
			"funding": [
				{
					"type": "individual",
					"url": "https://github.com/sponsors/RubenVerborgh"
				}
			],
			"license": "MIT",
			"engines": {
				"node": ">=4.0"
			},
			"peerDependenciesMeta": {
				"debug": {
					"optional": true
				}
			}
		},
		"node_modules/form-data": {
			"version": "4.0.0",
			"license": "MIT",
			"dependencies": {
				"asynckit": "^0.4.0",
				"combined-stream": "^1.0.8",
				"mime-types": "^2.1.12"
			},
			"engines": {
				"node": ">= 6"
			}
		},
		"node_modules/function-bind": {
			"version": "1.1.1",
			"license": "MIT"
		},
		"node_modules/get-stream": {
			"version": "6.0.1",
			"license": "MIT",
			"engines": {
				"node": ">=10"
			},
			"funding": {
				"url": "https://github.com/sponsors/sindresorhus"
			}
		},
		"node_modules/google-protobuf-minified": {
			"version": "1.0.8",
			"license": "BSD-3-Clause"
		},
		"node_modules/has": {
			"version": "1.0.3",
			"license": "MIT",
			"dependencies": {
				"function-bind": "^1.1.1"
			},
			"engines": {
				"node": ">= 0.4.0"
			}
		},
		"node_modules/http-cache-semantics": {
			"version": "4.1.0",
			"license": "BSD-2-Clause"
		},
		"node_modules/ieee754": {
			"version": "1.2.1",
			"funding": [
				{
					"type": "github",
					"url": "https://github.com/sponsors/feross"
				},
				{
					"type": "patreon",
					"url": "https://www.patreon.com/feross"
				},
				{
					"type": "consulting",
					"url": "https://feross.org/support"
				}
			],
			"license": "BSD-3-Clause"
		},
		"node_modules/is-buffer": {
			"version": "1.1.6",
			"license": "MIT"
		},
		"node_modules/is-core-module": {
			"version": "2.6.0",
			"license": "MIT",
			"dependencies": {
				"has": "^1.0.3"
			},
			"funding": {
				"url": "https://github.com/sponsors/ljharb"
			}
		},
		"node_modules/json-stringify-safe": {
			"version": "5.0.1",
			"license": "ISC"
		},
		"node_modules/json.sortify": {
			"version": "2.2.2",
			"license": "Apache-2.0",
			"engines": {
				"node": ">=4.0.0",
				"npm": "~1.0.20"
			}
		},
		"node_modules/lodash.set": {
			"version": "4.3.2",
			"dev": true,
			"license": "MIT"
		},
		"node_modules/lru-cache": {
			"version": "6.0.0",
			"license": "ISC",
			"dependencies": {
				"yallist": "^4.0.0"
			},
			"engines": {
				"node": ">=10"
			}
		},
		"node_modules/md5": {
			"version": "2.3.0",
			"license": "BSD-3-Clause",
			"dependencies": {
				"charenc": "0.0.2",
				"crypt": "0.0.2",
				"is-buffer": "~1.1.6"
			}
		},
		"node_modules/mime-db": {
			"version": "1.49.0",
			"license": "MIT",
			"engines": {
				"node": ">= 0.6"
			}
		},
		"node_modules/mime-types": {
			"version": "2.1.32",
			"license": "MIT",
			"dependencies": {
				"mime-db": "1.49.0"
			},
			"engines": {
				"node": ">= 0.6"
			}
		},
		"node_modules/module-details-from-path": {
			"version": "1.0.3",
			"license": "MIT"
		},
		"node_modules/ms": {
			"version": "2.1.2",
			"license": "MIT"
		},
		"node_modules/nock": {
			"version": "13.1.3",
			"dev": true,
			"license": "MIT",
			"dependencies": {
				"debug": "^4.1.0",
				"json-stringify-safe": "^5.0.1",
				"lodash.set": "^4.3.2",
				"propagate": "^2.0.0"
			},
			"engines": {
				"node": ">= 10.13"
			}
		},
		"node_modules/object-sizeof": {
			"version": "1.6.1",
			"license": "MIT",
			"dependencies": {
				"buffer": "^5.6.0"
			}
		},
		"node_modules/path-parse": {
			"version": "1.0.7",
			"license": "MIT"
		},
		"node_modules/propagate": {
			"version": "2.0.1",
			"dev": true,
			"license": "MIT",
			"engines": {
				"node": ">= 8"
			}
		},
		"node_modules/require-in-the-middle": {
			"version": "5.1.0",
			"license": "MIT",
			"dependencies": {
				"debug": "^4.1.1",
				"module-details-from-path": "^1.0.3",
				"resolve": "^1.12.0"
			}
		},
		"node_modules/resolve": {
			"version": "1.20.0",
			"license": "MIT",
			"dependencies": {
				"is-core-module": "^2.2.0",
				"path-parse": "^1.0.6"
			},
			"funding": {
				"url": "https://github.com/sponsors/ljharb"
			}
		},
		"node_modules/shimmer": {
			"version": "1.2.1",
			"license": "BSD-2-Clause"
		},
		"node_modules/uuid-parse": {
			"version": "1.1.0",
			"license": "MIT"
		},
		"node_modules/uuid4": {
			"version": "1.1.4",
			"license": "ISC"
		},
		"node_modules/yallist": {
			"version": "4.0.0",
			"license": "ISC"
		}
	},
	"dependencies": {
		"@adobe/helix-epsagon": {
			"version": "1.6.9",
			"resolved": "https://registry.npmjs.org/@adobe/helix-epsagon/-/helix-epsagon-1.6.9.tgz",
			"integrity": "sha512-6WWyGzLjDQLG4k7ihMNAbUGBG+a+eJKLLqdcw6NGcc1y5pxyNWCBjVXr91JOu3KSKfAVrKmG7YL1MdDsEeATQA==",
			"requires": {
				"epsagon": "1.114.1"
			}
		},
		"@adobe/helix-fetch": {
			"version": "2.4.2",
			"requires": {
				"debug": "4.3.2",
				"form-data": "4.0.0",
				"get-stream": "6.0.1",
				"http-cache-semantics": "4.1.0",
				"lru-cache": "6.0.0",
				"object-sizeof": "1.6.1"
			}
		},
		"@adobe/helix-universal": {
			"version": "1.7.0",
			"resolved": "https://registry.npmjs.org/@adobe/helix-universal/-/helix-universal-1.7.0.tgz",
			"integrity": "sha512-HIcYyc160z4VTyez8m7zXrl90EUzx7r/KqB4jSIy7clM1IbmKQeBsVuCxBOhngD3A3KZAljFfqOIb8goGbLhGw==",
			"requires": {
				"@adobe/helix-epsagon": "1.6.9",
				"@adobe/helix-fetch": "2.4.2"
			}
		},
		"asynckit": {
			"version": "0.4.0"
		},
		"axios-minified": {
			"version": "1.0.7",
			"requires": {
				"follow-redirects": "^1.10.0"
			}
		},
		"base64-js": {
			"version": "1.5.1"
		},
		"buffer": {
			"version": "5.7.1",
			"requires": {
				"base64-js": "^1.3.1",
				"ieee754": "^1.1.13"
			}
		},
		"charenc": {
			"version": "0.0.2"
		},
		"combined-stream": {
			"version": "1.0.8",
			"requires": {
				"delayed-stream": "~1.0.0"
			}
		},
		"cookie": {
			"version": "0.4.1",
			"resolved": "https://registry.npmjs.org/cookie/-/cookie-0.4.1.tgz",
			"integrity": "sha512-ZwrFkGJxUR3EIoXtO+yVE69Eb7KlixbaeAWfBQB9vVsNn/o+Yw69gBWSSDK825hQNdN+wF8zELf3dFNl/kxkUA=="
		},
		"crypt": {
			"version": "0.0.2"
		},
		"debug": {
			"version": "4.3.2",
			"requires": {
				"ms": "2.1.2"
			}
		},
		"delayed-stream": {
			"version": "1.0.0"
		},
		"epsagon": {
			"version": "1.114.1",
			"resolved": "https://registry.npmjs.org/epsagon/-/epsagon-1.114.1.tgz",
			"integrity": "sha512-ol1FRGJHiRLQjNnloRBmKzRj9GX61XrmetZj+FWXsvi2UneF4zjbzpQ43oY4lQvVu1PQfmM71auSl0Y+VoTQHA==",
			"requires": {
				"axios-minified": "^1.0.7",
				"google-protobuf-minified": "^1.0.8",
				"json-stringify-safe": "^5.0.1",
				"json.sortify": "^2.2.2",
				"md5": "^2.2.1",
				"require-in-the-middle": "^5.0.3",
				"shimmer": "^1.2.1",
				"uuid-parse": "^1.1.0",
				"uuid4": "^1.0.0"
			}
		},
		"follow-redirects": {
			"version": "1.14.4"
		},
		"form-data": {
			"version": "4.0.0",
			"requires": {
				"asynckit": "^0.4.0",
				"combined-stream": "^1.0.8",
				"mime-types": "^2.1.12"
			}
		},
		"function-bind": {
			"version": "1.1.1"
		},
		"get-stream": {
			"version": "6.0.1"
		},
		"google-protobuf-minified": {
			"version": "1.0.8"
		},
		"has": {
			"version": "1.0.3",
			"requires": {
				"function-bind": "^1.1.1"
			}
		},
		"http-cache-semantics": {
			"version": "4.1.0"
		},
		"ieee754": {
			"version": "1.2.1"
		},
		"is-buffer": {
			"version": "1.1.6"
		},
		"is-core-module": {
			"version": "2.6.0",
			"requires": {
				"has": "^1.0.3"
			}
		},
		"json-stringify-safe": {
			"version": "5.0.1"
		},
		"json.sortify": {
			"version": "2.2.2"
		},
		"lodash.set": {
			"version": "4.3.2",
			"dev": true
		},
		"lru-cache": {
			"version": "6.0.0",
			"requires": {
				"yallist": "^4.0.0"
			}
		},
		"md5": {
			"version": "2.3.0",
			"requires": {
				"charenc": "0.0.2",
				"crypt": "0.0.2",
				"is-buffer": "~1.1.6"
			}
		},
		"mime-db": {
			"version": "1.49.0"
		},
		"mime-types": {
			"version": "2.1.32",
			"requires": {
				"mime-db": "1.49.0"
			}
		},
		"module-details-from-path": {
			"version": "1.0.3"
		},
		"ms": {
			"version": "2.1.2"
		},
		"nock": {
			"version": "13.1.3",
			"dev": true,
			"requires": {
				"debug": "^4.1.0",
				"json-stringify-safe": "^5.0.1",
				"lodash.set": "^4.3.2",
				"propagate": "^2.0.0"
			}
		},
		"object-sizeof": {
			"version": "1.6.1",
			"requires": {
				"buffer": "^5.6.0"
			}
		},
		"path-parse": {
			"version": "1.0.7"
		},
		"propagate": {
			"version": "2.0.1",
			"dev": true
		},
		"require-in-the-middle": {
			"version": "5.1.0",
			"requires": {
				"debug": "^4.1.1",
				"module-details-from-path": "^1.0.3",
				"resolve": "^1.12.0"
			}
		},
		"resolve": {
			"version": "1.20.0",
			"requires": {
				"is-core-module": "^2.2.0",
				"path-parse": "^1.0.6"
			}
		},
		"shimmer": {
			"version": "1.2.1"
		},
		"uuid-parse": {
			"version": "1.1.0"
		},
		"uuid4": {
			"version": "1.1.4"
		},
		"yallist": {
			"version": "4.0.0"
		}
	}
}
