{
	"name": "@adobe/helix-shared-body-data",
	"version": "1.1.9",
	"lockfileVersion": 2,
	"requires": true,
	"packages": {
		"": {
			"name": "@adobe/helix-shared-body-data",
			"version": "1.1.9",
			"license": "Apache-2.0",
			"dependencies": {
				"@adobe/helix-fetch": "3.0.0"
			},
			"optionalDependencies": {
				"@adobe/helix-universal": "3.0.1"
			}
		},
		"node_modules/@adobe/helix-fetch": {
			"version": "3.0.0",
			"resolved": "https://registry.npmjs.org/@adobe/helix-fetch/-/helix-fetch-3.0.0.tgz",
			"integrity": "sha512-yvkOBwXLYchH/ql/KZ0Rp7QLuw0J38q0ZgOiPeF4ZPrBFfyJD6HmAX5AjvHEaofOyPKIJmlZb5KD+6kjE+01kg==",
			"dependencies": {
				"debug": "4.3.2",
				"http-cache-semantics": "4.1.0",
				"lru-cache": "6.0.0"
			},
			"engines": {
				"node": ">=12.0"
			}
		},
		"node_modules/@adobe/helix-universal": {
			"version": "3.0.1",
			"resolved": "https://registry.npmjs.org/@adobe/helix-universal/-/helix-universal-3.0.1.tgz",
			"integrity": "sha512-bK7H1Z/PtzWhYmQcYcPU9t0GYxR1vd6q8Q64ZmiqHk2iiqTxnCNg2dDKrrsJf1hXHxh0IZWGAyHAsuQ5dcywAg==",
			"optional": true,
			"dependencies": {
				"@adobe/helix-fetch": "3.0.0"
			}
		},
		"node_modules/debug": {
			"version": "4.3.2",
			"resolved": "https://registry.npmjs.org/debug/-/debug-4.3.2.tgz",
			"integrity": "sha512-mOp8wKcvj7XxC78zLgw/ZA+6TSgkoE2C/ienthhRD298T7UNwAg9diBpLRxC0mOezLl4B0xV7M0cCO6P/O0Xhw==",
			"dependencies": {
				"ms": "2.1.2"
			},
			"engines": {
				"node": ">=6.0"
			},
			"peerDependenciesMeta": {
				"supports-color": {
					"optional": true
				}
			}
		},
		"node_modules/http-cache-semantics": {
			"version": "4.1.0",
			"resolved": "https://registry.npmjs.org/http-cache-semantics/-/http-cache-semantics-4.1.0.tgz",
			"integrity": "sha512-carPklcUh7ROWRK7Cv27RPtdhYhUsela/ue5/jKzjegVvXDqM2ILE9Q2BGn9JZJh1g87cp56su/FgQSzcWS8cQ=="
		},
		"node_modules/lru-cache": {
			"version": "6.0.0",
			"resolved": "https://registry.npmjs.org/lru-cache/-/lru-cache-6.0.0.tgz",
			"integrity": "sha512-Jo6dJ04CmSjuznwJSS3pUeWmd/H0ffTlkXXgwZi+eq1UCmqQwCh+eLsYOYCwY991i2Fah4h1BEMCx4qThGbsiA==",
			"dependencies": {
				"yallist": "^4.0.0"
			},
			"engines": {
				"node": ">=10"
			}
		},
		"node_modules/ms": {
			"version": "2.1.2",
			"resolved": "https://registry.npmjs.org/ms/-/ms-2.1.2.tgz",
			"integrity": "sha512-sGkPx+VjMtmA6MX27oA4FBFELFCZZ4S4XqeGOXCv68tT+jb3vk/RyaKWP0PTKyWtmLSM0b+adUTEvbs1PEaH2w=="
		},
		"node_modules/yallist": {
			"version": "4.0.0",
			"resolved": "https://registry.npmjs.org/yallist/-/yallist-4.0.0.tgz",
			"integrity": "sha512-3wdGidZyq5PB084XLES5TpOSRA3wjXAlIWMhum2kRcv/41Sn2emQ0dycQW4uZXLejwKvg6EsvbdlVL+FYEct7A=="
		}
	},
	"dependencies": {
		"@adobe/helix-fetch": {
			"version": "3.0.0",
			"resolved": "https://registry.npmjs.org/@adobe/helix-fetch/-/helix-fetch-3.0.0.tgz",
			"integrity": "sha512-yvkOBwXLYchH/ql/KZ0Rp7QLuw0J38q0ZgOiPeF4ZPrBFfyJD6HmAX5AjvHEaofOyPKIJmlZb5KD+6kjE+01kg==",
			"requires": {
				"debug": "4.3.2",
				"http-cache-semantics": "4.1.0",
				"lru-cache": "6.0.0"
			}
		},
		"@adobe/helix-universal": {
			"version": "3.0.1",
			"resolved": "https://registry.npmjs.org/@adobe/helix-universal/-/helix-universal-3.0.1.tgz",
			"integrity": "sha512-bK7H1Z/PtzWhYmQcYcPU9t0GYxR1vd6q8Q64ZmiqHk2iiqTxnCNg2dDKrrsJf1hXHxh0IZWGAyHAsuQ5dcywAg==",
			"optional": true,
			"requires": {
				"@adobe/helix-fetch": "3.0.0"
			}
		},
		"debug": {
			"version": "4.3.2",
			"resolved": "https://registry.npmjs.org/debug/-/debug-4.3.2.tgz",
			"integrity": "sha512-mOp8wKcvj7XxC78zLgw/ZA+6TSgkoE2C/ienthhRD298T7UNwAg9diBpLRxC0mOezLl4B0xV7M0cCO6P/O0Xhw==",
			"requires": {
				"ms": "2.1.2"
			}
		},
		"http-cache-semantics": {
			"version": "4.1.0",
			"resolved": "https://registry.npmjs.org/http-cache-semantics/-/http-cache-semantics-4.1.0.tgz",
			"integrity": "sha512-carPklcUh7ROWRK7Cv27RPtdhYhUsela/ue5/jKzjegVvXDqM2ILE9Q2BGn9JZJh1g87cp56su/FgQSzcWS8cQ=="
		},
		"lru-cache": {
			"version": "6.0.0",
			"resolved": "https://registry.npmjs.org/lru-cache/-/lru-cache-6.0.0.tgz",
			"integrity": "sha512-Jo6dJ04CmSjuznwJSS3pUeWmd/H0ffTlkXXgwZi+eq1UCmqQwCh+eLsYOYCwY991i2Fah4h1BEMCx4qThGbsiA==",
			"requires": {
				"yallist": "^4.0.0"
			}
		},
		"ms": {
			"version": "2.1.2",
			"resolved": "https://registry.npmjs.org/ms/-/ms-2.1.2.tgz",
			"integrity": "sha512-sGkPx+VjMtmA6MX27oA4FBFELFCZZ4S4XqeGOXCv68tT+jb3vk/RyaKWP0PTKyWtmLSM0b+adUTEvbs1PEaH2w=="
		},
		"yallist": {
			"version": "4.0.0",
			"resolved": "https://registry.npmjs.org/yallist/-/yallist-4.0.0.tgz",
			"integrity": "sha512-3wdGidZyq5PB084XLES5TpOSRA3wjXAlIWMhum2kRcv/41Sn2emQ0dycQW4uZXLejwKvg6EsvbdlVL+FYEct7A=="
		}
	}
}
